// !$*UTF8*$!
{
	archiveVersion = 1;
	classes = {
	};
	objectVersion = 48;
	objects = {

/* Begin PBXBuildFile section */
		9C79D4368F060E1B011327A0 /* Pods_RegExp.framework in Frameworks */ = {isa = PBXBuildFile; fileRef = BEB280C21FA673CC8EE44913 /* Pods_RegExp.framework */; };
		C7A0DC9F1FDC43A700674FF4 /* main.swift in Sources */ = {isa = PBXBuildFile; fileRef = C7A0DC9E1FDC43A700674FF4 /* main.swift */; };
		C7C94A9B1FDF73690030CE57 /* Cocoa.framework in Frameworks */ = {isa = PBXBuildFile; fileRef = C7C94A9A1FDF73690030CE57 /* Cocoa.framework */; };
		C7DE2C5D1FDD4EBE00009922 /* XYRequestManager.swift in Sources */ = {isa = PBXBuildFile; fileRef = C7DE2C5C1FDD4EBE00009922 /* XYRequestManager.swift */; };
/* End PBXBuildFile section */

/* Begin PBXCopyFilesBuildPhase section */
		C7A0DC991FDC43A700674FF4 /* CopyFiles */ = {
			isa = PBXCopyFilesBuildPhase;
			buildActionMask = 2147483647;
			dstPath = /usr/share/man/man1/;
			dstSubfolderSpec = 0;
			files = (
			);
			runOnlyForDeploymentPostprocessing = 1;
		};
/* End PBXCopyFilesBuildPhase section */

/* Begin PBXFileReference section */
		3DB1090DD34BC248A40264DA /* Pods-RegExp.release.xcconfig */ = {isa = PBXFileReference; includeInIndex = 1; lastKnownFileType = text.xcconfig; name = "Pods-RegExp.release.xcconfig"; path = "Pods/Target Support Files/Pods-RegExp/Pods-RegExp.release.xcconfig"; sourceTree = "<group>"; };
		BEB280C21FA673CC8EE44913 /* Pods_RegExp.framework */ = {isa = PBXFileReference; explicitFileType = wrapper.framework; includeInIndex = 0; path = Pods_RegExp.framework; sourceTree = BUILT_PRODUCTS_DIR; };
		C7A0DC9B1FDC43A700674FF4 /* RegExp */ = {isa = PBXFileReference; explicitFileType = "compiled.mach-o.executable"; includeInIndex = 0; path = RegExp; sourceTree = BUILT_PRODUCTS_DIR; };
		C7A0DC9E1FDC43A700674FF4 /* main.swift */ = {isa = PBXFileReference; lastKnownFileType = sourcecode.swift; path = main.swift; sourceTree = "<group>"; };
		C7C94A991FDF733A0030CE57 /* Alamofire.framework */ = {isa = PBXFileReference; explicitFileType = wrapper.framework; path = Alamofire.framework; sourceTree = BUILT_PRODUCTS_DIR; };
		C7C94A9A1FDF73690030CE57 /* Cocoa.framework */ = {isa = PBXFileReference; lastKnownFileType = wrapper.framework; name = Cocoa.framework; path = System/Library/Frameworks/Cocoa.framework; sourceTree = SDKROOT; };
		C7C94A9D1FDF77B00030CE57 /* Alamofire.framework */ = {isa = PBXFileReference; explicitFileType = wrapper.framework; path = Alamofire.framework; sourceTree = BUILT_PRODUCTS_DIR; };
		C7DE2C5C1FDD4EBE00009922 /* XYRequestManager.swift */ = {isa = PBXFileReference; lastKnownFileType = sourcecode.swift; path = XYRequestManager.swift; sourceTree = "<group>"; };
		FC9A4924A0646D202C284BA5 /* Pods-RegExp.debug.xcconfig */ = {isa = PBXFileReference; includeInIndex = 1; lastKnownFileType = text.xcconfig; name = "Pods-RegExp.debug.xcconfig"; path = "Pods/Target Support Files/Pods-RegExp/Pods-RegExp.debug.xcconfig"; sourceTree = "<group>"; };
/* End PBXFileReference section */

/* Begin PBXFrameworksBuildPhase section */
		C7A0DC981FDC43A700674FF4 /* Frameworks */ = {
			isa = PBXFrameworksBuildPhase;
			buildActionMask = 2147483647;
			files = (
				C7C94A9B1FDF73690030CE57 /* Cocoa.framework in Frameworks */,
				9C79D4368F060E1B011327A0 /* Pods_RegExp.framework in Frameworks */,
			);
			runOnlyForDeploymentPostprocessing = 0;
		};
/* End PBXFrameworksBuildPhase section */

/* Begin PBXGroup section */
		6AC64D624597148D58209A78 /* Pods */ = {
			isa = PBXGroup;
			children = (
				FC9A4924A0646D202C284BA5 /* Pods-RegExp.debug.xcconfig */,
				3DB1090DD34BC248A40264DA /* Pods-RegExp.release.xcconfig */,
			);
			name = Pods;
			sourceTree = "<group>";
		};
		B901F670F4CD6EF2FA303A5F /* Frameworks */ = {
			isa = PBXGroup;
			children = (
				C7C94A9D1FDF77B00030CE57 /* Alamofire.framework */,
				C7C94A9A1FDF73690030CE57 /* Cocoa.framework */,
				C7C94A991FDF733A0030CE57 /* Alamofire.framework */,
				BEB280C21FA673CC8EE44913 /* Pods_RegExp.framework */,
			);
			name = Frameworks;
			sourceTree = "<group>";
		};
		C7A0DC921FDC43A700674FF4 = {
			isa = PBXGroup;
			children = (
				C7A0DC9D1FDC43A700674FF4 /* RegExp */,
				C7A0DC9C1FDC43A700674FF4 /* Products */,
				6AC64D624597148D58209A78 /* Pods */,
				B901F670F4CD6EF2FA303A5F /* Frameworks */,
			);
			sourceTree = "<group>";
		};
		C7A0DC9C1FDC43A700674FF4 /* Products */ = {
			isa = PBXGroup;
			children = (
				C7A0DC9B1FDC43A700674FF4 /* RegExp */,
			);
			name = Products;
			sourceTree = "<group>";
		};
		C7A0DC9D1FDC43A700674FF4 /* RegExp */ = {
			isa = PBXGroup;
			children = (
				C7DE2C5B1FDD4E9B00009922 /* Network */,
				C7A0DC9E1FDC43A700674FF4 /* main.swift */,
			);
			path = RegExp;
			sourceTree = "<group>";
		};
		C7DE2C5B1FDD4E9B00009922 /* Network */ = {
			isa = PBXGroup;
			children = (
				C7DE2C5C1FDD4EBE00009922 /* XYRequestManager.swift */,
			);
			path = Network;
			sourceTree = "<group>";
		};
/* End PBXGroup section */

/* Begin PBXNativeTarget section */
		C7A0DC9A1FDC43A700674FF4 /* RegExp */ = {
			isa = PBXNativeTarget;
			buildConfigurationList = C7A0DCA21FDC43A700674FF4 /* Build configuration list for PBXNativeTarget "RegExp" */;
			buildPhases = (
				2CEA5620D61C6298D98D01F2 /* [CP] Check Pods Manifest.lock */,
				C7A0DC971FDC43A700674FF4 /* Sources */,
				C7A0DC981FDC43A700674FF4 /* Frameworks */,
				C7A0DC991FDC43A700674FF4 /* CopyFiles */,
				40A5756FACF80302CFC64BF4 /* [CP] Copy Pods Resources */,
			);
			buildRules = (
			);
			dependencies = (
			);
			name = RegExp;
			productName = RegExp;
			productReference = C7A0DC9B1FDC43A700674FF4 /* RegExp */;
			productType = "com.apple.product-type.tool";
		};
/* End PBXNativeTarget section */

/* Begin PBXProject section */
		C7A0DC931FDC43A700674FF4 /* Project object */ = {
			isa = PBXProject;
			attributes = {
				LastSwiftUpdateCheck = 0920;
				LastUpgradeCheck = 0920;
				ORGANIZATIONNAME = Darcy;
				TargetAttributes = {
					C7A0DC9A1FDC43A700674FF4 = {
						CreatedOnToolsVersion = 9.2;
						ProvisioningStyle = Automatic;
					};
				};
			};
			buildConfigurationList = C7A0DC961FDC43A700674FF4 /* Build configuration list for PBXProject "RegExp" */;
			compatibilityVersion = "Xcode 8.0";
			developmentRegion = en;
			hasScannedForEncodings = 0;
			knownRegions = (
				en,
			);
			mainGroup = C7A0DC921FDC43A700674FF4;
			productRefGroup = C7A0DC9C1FDC43A700674FF4 /* Products */;
			projectDirPath = "";
			projectRoot = "";
			targets = (
				C7A0DC9A1FDC43A700674FF4 /* RegExp */,
			);
		};
/* End PBXProject section */

/* Begin PBXShellScriptBuildPhase section */
		2CEA5620D61C6298D98D01F2 /* [CP] Check Pods Manifest.lock */ = {
			isa = PBXShellScriptBuildPhase;
			buildActionMask = 2147483647;
			files = (
			);
			inputPaths = (
				"${PODS_PODFILE_DIR_PATH}/Podfile.lock",
				"${PODS_ROOT}/Manifest.lock",
			);
			name = "[CP] Check Pods Manifest.lock";
			outputPaths = (
				"$(DERIVED_FILE_DIR)/Pods-RegExp-checkManifestLockResult.txt",
			);
			runOnlyForDeploymentPostprocessing = 0;
			shellPath = /bin/sh;
			shellScript = "diff \"${PODS_PODFILE_DIR_PATH}/Podfile.lock\" \"${PODS_ROOT}/Manifest.lock\" > /dev/null\nif [ $? != 0 ] ; then\n    # print error to STDERR\n    echo \"error: The sandbox is not in sync with the Podfile.lock. Run 'pod install' or update your CocoaPods installation.\" >&2\n    exit 1\nfi\n# This output is used by Xcode 'outputs' to avoid re-running this script phase.\necho \"SUCCESS\" > \"${SCRIPT_OUTPUT_FILE_0}\"\n";
			showEnvVarsInLog = 0;
		};
		40A5756FACF80302CFC64BF4 /* [CP] Copy Pods Resources */ = {
			isa = PBXShellScriptBuildPhase;
			buildActionMask = 2147483647;
			files = (
			);
			inputPaths = (
			);
			name = "[CP] Copy Pods Resources";
			outputPaths = (
			);
			runOnlyForDeploymentPostprocessing = 0;
			shellPath = /bin/sh;
			shellScript = "\"${SRCROOT}/Pods/Target Support Files/Pods-RegExp/Pods-RegExp-resources.sh\"\n";
			showEnvVarsInLog = 0;
		};
/* End PBXShellScriptBuildPhase section */

/* Begin PBXSourcesBuildPhase section */
		C7A0DC971FDC43A700674FF4 /* Sources */ = {
			isa = PBXSourcesBuildPhase;
			buildActionMask = 2147483647;
			files = (
				C7A0DC9F1FDC43A700674FF4 /* main.swift in Sources */,
				C7DE2C5D1FDD4EBE00009922 /* XYRequestManager.swift in Sources */,
			);
			runOnlyForDeploymentPostprocessing = 0;
		};
/* End PBXSourcesBuildPhase section */

/* Begin XCBuildConfiguration section */
		C7A0DCA01FDC43A700674FF4 /* Debug */ = {
			isa = XCBuildConfiguration;
			buildSettings = {
				ALWAYS_SEARCH_USER_PATHS = NO;
				CLANG_ANALYZER_NONNULL = YES;
				CLANG_ANALYZER_NUMBER_OBJECT_CONVERSION = YES_AGGRESSIVE;
				CLANG_CXX_LANGUAGE_STANDARD = "gnu++14";
				CLANG_CXX_LIBRARY = "libc++";
				CLANG_ENABLE_MODULES = YES;
				CLANG_ENABLE_OBJC_ARC = YES;
				CLANG_WARN_BLOCK_CAPTURE_AUTORELEASING = YES;
				CLANG_WARN_BOOL_CONVERSION = YES;
				CLANG_WARN_COMMA = YES;
				CLANG_WARN_CONSTANT_CONVERSION = YES;
				CLANG_WARN_DIRECT_OBJC_ISA_USAGE = YES_ERROR;
				CLANG_WARN_DOCUMENTATION_COMMENTS = YES;
				CLANG_WARN_EMPTY_BODY = YES;
				CLANG_WARN_ENUM_CONVERSION = YES;
				CLANG_WARN_INFINITE_RECURSION = YES;
				CLANG_WARN_INT_CONVERSION = YES;
				CLANG_WARN_NON_LITERAL_NULL_CONVERSION = YES;
				CLANG_WARN_OBJC_LITERAL_CONVERSION = YES;
				CLANG_WARN_OBJC_ROOT_CLASS = YES_ERROR;
				CLANG_WARN_RANGE_LOOP_ANALYSIS = YES;
				CLANG_WARN_STRICT_PROTOTYPES = YES;
				CLANG_WARN_SUSPICIOUS_MOVE = YES;
				CLANG_WARN_UNGUARDED_AVAILABILITY = YES_AGGRESSIVE;
				CLANG_WARN_UNREACHABLE_CODE = YES;
				CLANG_WARN__DUPLICATE_METHOD_MATCH = YES;
				CODE_SIGN_IDENTITY = "-";
				COPY_PHASE_STRIP = NO;
				DEBUG_INFORMATION_FORMAT = dwarf;
				ENABLE_STRICT_OBJC_MSGSEND = YES;
				ENABLE_TESTABILITY = YES;
				GCC_C_LANGUAGE_STANDARD = gnu11;
				GCC_DYNAMIC_NO_PIC = NO;
				GCC_NO_COMMON_BLOCKS = YES;
				GCC_OPTIMIZATION_LEVEL = 0;
				GCC_PREPROCESSOR_DEFINITIONS = (
					"DEBUG=1",
					"$(inherited)",
				);
				GCC_WARN_64_TO_32_BIT_CONVERSION = YES;
				GCC_WARN_ABOUT_RETURN_TYPE = YES_ERROR;
				GCC_WARN_UNDECLARED_SELECTOR = YES;
				GCC_WARN_UNINITIALIZED_AUTOS = YES_AGGRESSIVE;
				GCC_WARN_UNUSED_FUNCTION = YES;
				GCC_WARN_UNUSED_VARIABLE = YES;
				MACOSX_DEPLOYMENT_TARGET = 10.13;
				MTL_ENABLE_DEBUG_INFO = YES;
				ONLY_ACTIVE_ARCH = YES;
				SDKROOT = macosx;
				SWIFT_ACTIVE_COMPILATION_CONDITIONS = DEBUG;
				SWIFT_OPTIMIZATION_LEVEL = "-Onone";
			};
			name = Debug;
		};
		C7A0DCA11FDC43A700674FF4 /* Release */ = {
			isa = XCBuildConfiguration;
			buildSettings = {
				ALWAYS_SEARCH_USER_PATHS = NO;
				CLANG_ANALYZER_NONNULL = YES;
				CLANG_ANALYZER_NUMBER_OBJECT_CONVERSION = YES_AGGRESSIVE;
				CLANG_CXX_LANGUAGE_STANDARD = "gnu++14";
				CLANG_CXX_LIBRARY = "libc++";
				CLANG_ENABLE_MODULES = YES;
				CLANG_ENABLE_OBJC_ARC = YES;
				CLANG_WARN_BLOCK_CAPTURE_AUTORELEASING = YES;
				CLANG_WARN_BOOL_CONVERSION = YES;
				CLANG_WARN_COMMA = YES;
				CLANG_WARN_CONSTANT_CONVERSION = YES;
				CLANG_WARN_DIRECT_OBJC_ISA_USAGE = YES_ERROR;
				CLANG_WARN_DOCUMENTATION_COMMENTS = YES;
				CLANG_WARN_EMPTY_BODY = YES;
				CLANG_WARN_ENUM_CONVERSION = YES;
				CLANG_WARN_INFINITE_RECURSION = YES;
				CLANG_WARN_INT_CONVERSION = YES;
				CLANG_WARN_NON_LITERAL_NULL_CONVERSION = YES;
				CLANG_WARN_OBJC_LITERAL_CONVERSION = YES;
				CLANG_WARN_OBJC_ROOT_CLASS = YES_ERROR;
				CLANG_WARN_RANGE_LOOP_ANALYSIS = YES;
				CLANG_WARN_STRICT_PROTOTYPES = YES;
				CLANG_WARN_SUSPICIOUS_MOVE = YES;
				CLANG_WARN_UNGUARDED_AVAILABILITY = YES_AGGRESSIVE;
				CLANG_WARN_UNREACHABLE_CODE = YES;
				CLANG_WARN__DUPLICATE_METHOD_MATCH = YES;
				CODE_SIGN_IDENTITY = "-";
				COPY_PHASE_STRIP = NO;
				DEBUG_INFORMATION_FORMAT = "dwarf-with-dsym";
				ENABLE_NS_ASSERTIONS = NO;
				ENABLE_STRICT_OBJC_MSGSEND = YES;
				GCC_C_LANGUAGE_STANDARD = gnu11;
				GCC_NO_COMMON_BLOCKS = YES;
				GCC_WARN_64_TO_32_BIT_CONVERSION = YES;
				GCC_WARN_ABOUT_RETURN_TYPE = YES_ERROR;
				GCC_WARN_UNDECLARED_SELECTOR = YES;
				GCC_WARN_UNINITIALIZED_AUTOS = YES_AGGRESSIVE;
				GCC_WARN_UNUSED_FUNCTION = YES;
				GCC_WARN_UNUSED_VARIABLE = YES;
				MACOSX_DEPLOYMENT_TARGET = 10.13;
				MTL_ENABLE_DEBUG_INFO = NO;
				SDKROOT = macosx;
				SWIFT_OPTIMIZATION_LEVEL = "-Owholemodule";
			};
			name = Release;
		};
		C7A0DCA31FDC43A700674FF4 /* Debug */ = {
			isa = XCBuildConfiguration;
			baseConfigurationReference = FC9A4924A0646D202C284BA5 /* Pods-RegExp.debug.xcconfig */;
			buildSettings = {
				CODE_SIGN_STYLE = Automatic;
				PRODUCT_NAME = "$(TARGET_NAME)";
				SWIFT_VERSION = 4.0;
			};
			name = Debug;
		};
		C7A0DCA41FDC43A700674FF4 /* Release */ = {
			isa = XCBuildConfiguration;
			baseConfigurationReference = 3DB1090DD34BC248A40264DA /* Pods-RegExp.release.xcconfig */;
			buildSettings = {
				CODE_SIGN_STYLE = Automatic;
				PRODUCT_NAME = "$(TARGET_NAME)";
				SWIFT_VERSION = 4.0;
			};
			name = Release;
		};
/* End XCBuildConfiguration section */

/* Begin XCConfigurationList section */
		C7A0DC961FDC43A700674FF4 /* Build configuration list for PBXProject "RegExp" */ = {
			isa = XCConfigurationList;
			buildConfigurations = (
				C7A0DCA01FDC43A700674FF4 /* Debug */,
				C7A0DCA11FDC43A700674FF4 /* Release */,
			);
			defaultConfigurationIsVisible = 0;
			defaultConfigurationName = Release;
		};
		C7A0DCA21FDC43A700674FF4 /* Build configuration list for PBXNativeTarget "RegExp" */ = {
			isa = XCConfigurationList;
			buildConfigurations = (
				C7A0DCA31FDC43A700674FF4 /* Debug */,
				C7A0DCA41FDC43A700674FF4 /* Release */,
			);
			defaultConfigurationIsVisible = 0;
			defaultConfigurationName = Release;
		};
/* End XCConfigurationList section */
	};
	rootObject = C7A0DC931FDC43A700674FF4 /* Project object */;
}
